// !$*UTF8*$!
{
	archiveVersion = 1;
	classes = {
	};
	objectVersion = 50;
	objects = {

/* Begin PBXBuildFile section */
		A9A2FE8824F66AF000EF9089 /* AppDelegate.m in Sources */ = {isa = PBXBuildFile; fileRef = A9A2FE8724F66AF000EF9089 /* AppDelegate.m */; };
		A9A2FE8B24F66AF000EF9089 /* SceneDelegate.m in Sources */ = {isa = PBXBuildFile; fileRef = A9A2FE8A24F66AF000EF9089 /* SceneDelegate.m */; };
		A9A2FE8E24F66AF000EF9089 /* ViewController.m in Sources */ = {isa = PBXBuildFile; fileRef = A9A2FE8D24F66AF000EF9089 /* ViewController.m */; };
		A9A2FE9124F66AF000EF9089 /* Main.storyboard in Resources */ = {isa = PBXBuildFile; fileRef = A9A2FE8F24F66AF000EF9089 /* Main.storyboard */; };
		A9A2FE9324F66AF100EF9089 /* Assets.xcassets in Resources */ = {isa = PBXBuildFile; fileRef = A9A2FE9224F66AF100EF9089 /* Assets.xcassets */; };
		A9A2FE9624F66AF100EF9089 /* LaunchScreen.storyboard in Resources */ = {isa = PBXBuildFile; fileRef = A9A2FE9424F66AF100EF9089 /* LaunchScreen.storyboard */; };
		A9A2FE9924F66AF100EF9089 /* main.m in Sources */ = {isa = PBXBuildFile; fileRef = A9A2FE9824F66AF100EF9089 /* main.m */; };
		A9A2FEA324F66AF200EF9089 /* Clock_OCTests.m in Sources */ = {isa = PBXBuildFile; fileRef = A9A2FEA224F66AF200EF9089 /* Clock_OCTests.m */; };
		A9A2FEAE24F66AF200EF9089 /* Clock_OCUITests.m in Sources */ = {isa = PBXBuildFile; fileRef = A9A2FEAD24F66AF200EF9089 /* Clock_OCUITests.m */; };
/* End PBXBuildFile section */

/* Begin PBXContainerItemProxy section */
		A9A2FE9F24F66AF200EF9089 /* PBXContainerItemProxy */ = {
			isa = PBXContainerItemProxy;
			containerPortal = A9A2FE7B24F66AF000EF9089 /* Project object */;
			proxyType = 1;
			remoteGlobalIDString = A9A2FE8224F66AF000EF9089;
			remoteInfo = Clock_OC;
		};
		A9A2FEAA24F66AF200EF9089 /* PBXContainerItemProxy */ = {
			isa = PBXContainerItemProxy;
			containerPortal = A9A2FE7B24F66AF000EF9089 /* Project object */;
			proxyType = 1;
			remoteGlobalIDString = A9A2FE8224F66AF000EF9089;
			remoteInfo = Clock_OC;
		};
/* End PBXContainerItemProxy section */

/* Begin PBXFileReference section */
		A9A2FE8324F66AF000EF9089 /* Clock_OC.app */ = {isa = PBXFileReference; explicitFileType = wrapper.application; includeInIndex = 0; path = Clock_OC.app; sourceTree = BUILT_PRODUCTS_DIR; };
		A9A2FE8624F66AF000EF9089 /* AppDelegate.h */ = {isa = PBXFileReference; lastKnownFileType = sourcecode.c.h; path = AppDelegate.h; sourceTree = "<group>"; };
		A9A2FE8724F66AF000EF9089 /* AppDelegate.m */ = {isa = PBXFileReference; lastKnownFileType = sourcecode.c.objc; path = AppDelegate.m; sourceTree = "<group>"; };
		A9A2FE8924F66AF000EF9089 /* SceneDelegate.h */ = {isa = PBXFileReference; lastKnownFileType = sourcecode.c.h; path = SceneDelegate.h; sourceTree = "<group>"; };
		A9A2FE8A24F66AF000EF9089 /* SceneDelegate.m */ = {isa = PBXFileReference; lastKnownFileType = sourcecode.c.objc; path = SceneDelegate.m; sourceTree = "<group>"; };
		A9A2FE8C24F66AF000EF9089 /* ViewController.h */ = {isa = PBXFileReference; lastKnownFileType = sourcecode.c.h; path = ViewController.h; sourceTree = "<group>"; };
		A9A2FE8D24F66AF000EF9089 /* ViewController.m */ = {isa = PBXFileReference; lastKnownFileType = sourcecode.c.objc; path = ViewController.m; sourceTree = "<group>"; };
		A9A2FE9024F66AF000EF9089 /* Base */ = {isa = PBXFileReference; lastKnownFileType = file.storyboard; name = Base; path = Base.lproj/Main.storyboard; sourceTree = "<group>"; };
		A9A2FE9224F66AF100EF9089 /* Assets.xcassets */ = {isa = PBXFileReference; lastKnownFileType = folder.assetcatalog; path = Assets.xcassets; sourceTree = "<group>"; };
		A9A2FE9524F66AF100EF9089 /* Base */ = {isa = PBXFileReference; lastKnownFileType = file.storyboard; name = Base; path = Base.lproj/LaunchScreen.storyboard; sourceTree = "<group>"; };
		A9A2FE9724F66AF100EF9089 /* Info.plist */ = {isa = PBXFileReference; lastKnownFileType = text.plist.xml; path = Info.plist; sourceTree = "<group>"; };
		A9A2FE9824F66AF100EF9089 /* main.m */ = {isa = PBXFileReference; lastKnownFileType = sourcecode.c.objc; path = main.m; sourceTree = "<group>"; };
		A9A2FE9E24F66AF200EF9089 /* Clock_OCTests.xctest */ = {isa = PBXFileReference; explicitFileType = wrapper.cfbundle; includeInIndex = 0; path = Clock_OCTests.xctest; sourceTree = BUILT_PRODUCTS_DIR; };
		A9A2FEA224F66AF200EF9089 /* Clock_OCTests.m */ = {isa = PBXFileReference; lastKnownFileType = sourcecode.c.objc; path = Clock_OCTests.m; sourceTree = "<group>"; };
		A9A2FEA424F66AF200EF9089 /* Info.plist */ = {isa = PBXFileReference; lastKnownFileType = text.plist.xml; path = Info.plist; sourceTree = "<group>"; };
		A9A2FEA924F66AF200EF9089 /* Clock_OCUITests.xctest */ = {isa = PBXFileReference; explicitFileType = wrapper.cfbundle; includeInIndex = 0; path = Clock_OCUITests.xctest; sourceTree = BUILT_PRODUCTS_DIR; };
		A9A2FEAD24F66AF200EF9089 /* Clock_OCUITests.m */ = {isa = PBXFileReference; lastKnownFileType = sourcecode.c.objc; path = Clock_OCUITests.m; sourceTree = "<group>"; };
		A9A2FEAF24F66AF200EF9089 /* Info.plist */ = {isa = PBXFileReference; lastKnownFileType = text.plist.xml; path = Info.plist; sourceTree = "<group>"; };
/* End PBXFileReference section */

/* Begin PBXFrameworksBuildPhase section */
		A9A2FE8024F66AF000EF9089 /* Frameworks */ = {
			isa = PBXFrameworksBuildPhase;
			buildActionMask = 2147483647;
			files = (
			);
			runOnlyForDeploymentPostprocessing = 0;
		};
		A9A2FE9B24F66AF100EF9089 /* Frameworks */ = {
			isa = PBXFrameworksBuildPhase;
			buildActionMask = 2147483647;
			files = (
			);
			runOnlyForDeploymentPostprocessing = 0;
		};
		A9A2FEA624F66AF200EF9089 /* Frameworks */ = {
			isa = PBXFrameworksBuildPhase;
			buildActionMask = 2147483647;
			files = (
			);
			runOnlyForDeploymentPostprocessing = 0;
		};
/* End PBXFrameworksBuildPhase section */

/* Begin PBXGroup section */
		A9A2FE7A24F66AF000EF9089 = {
			isa = PBXGroup;
			children = (
				A9A2FE8524F66AF000EF9089 /* Clock_OC */,
				A9A2FEA124F66AF200EF9089 /* Clock_OCTests */,
				A9A2FEAC24F66AF200EF9089 /* Clock_OCUITests */,
				A9A2FE8424F66AF000EF9089 /* Products */,
			);
			sourceTree = "<group>";
		};
		A9A2FE8424F66AF000EF9089 /* Products */ = {
			isa = PBXGroup;
			children = (
				A9A2FE8324F66AF000EF9089 /* Clock_OC.app */,
				A9A2FE9E24F66AF200EF9089 /* Clock_OCTests.xctest */,
				A9A2FEA924F66AF200EF9089 /* Clock_OCUITests.xctest */,
			);
			name = Products;
			sourceTree = "<group>";
		};
		A9A2FE8524F66AF000EF9089 /* Clock_OC */ = {
			isa = PBXGroup;
			children = (
				A9A2FE8624F66AF000EF9089 /* AppDelegate.h */,
				A9A2FE8724F66AF000EF9089 /* AppDelegate.m */,
				A9A2FE8924F66AF000EF9089 /* SceneDelegate.h */,
				A9A2FE8A24F66AF000EF9089 /* SceneDelegate.m */,
				A9A2FE8C24F66AF000EF9089 /* ViewController.h */,
				A9A2FE8D24F66AF000EF9089 /* ViewController.m */,
				A9A2FE8F24F66AF000EF9089 /* Main.storyboard */,
				A9A2FE9224F66AF100EF9089 /* Assets.xcassets */,
				A9A2FE9424F66AF100EF9089 /* LaunchScreen.storyboard */,
				A9A2FE9724F66AF100EF9089 /* Info.plist */,
				A9A2FE9824F66AF100EF9089 /* main.m */,
			);
			path = Clock_OC;
			sourceTree = "<group>";
		};
		A9A2FEA124F66AF200EF9089 /* Clock_OCTests */ = {
			isa = PBXGroup;
			children = (
				A9A2FEA224F66AF200EF9089 /* Clock_OCTests.m */,
				A9A2FEA424F66AF200EF9089 /* Info.plist */,
			);
			path = Clock_OCTests;
			sourceTree = "<group>";
		};
		A9A2FEAC24F66AF200EF9089 /* Clock_OCUITests */ = {
			isa = PBXGroup;
			children = (
				A9A2FEAD24F66AF200EF9089 /* Clock_OCUITests.m */,
				A9A2FEAF24F66AF200EF9089 /* Info.plist */,
			);
			path = Clock_OCUITests;
			sourceTree = "<group>";
		};
/* End PBXGroup section */

/* Begin PBXNativeTarget section */
		A9A2FE8224F66AF000EF9089 /* Clock_OC */ = {
			isa = PBXNativeTarget;
			buildConfigurationList = A9A2FEB224F66AF200EF9089 /* Build configuration list for PBXNativeTarget "Clock_OC" */;
			buildPhases = (
				A9A2FE7F24F66AF000EF9089 /* Sources */,
				A9A2FE8024F66AF000EF9089 /* Frameworks */,
				A9A2FE8124F66AF000EF9089 /* Resources */,
			);
			buildRules = (
			);
			dependencies = (
			);
			name = Clock_OC;
			productName = Clock_OC;
			productReference = A9A2FE8324F66AF000EF9089 /* Clock_OC.app */;
			productType = "com.apple.product-type.application";
		};
		A9A2FE9D24F66AF100EF9089 /* Clock_OCTests */ = {
			isa = PBXNativeTarget;
			buildConfigurationList = A9A2FEB524F66AF200EF9089 /* Build configuration list for PBXNativeTarget "Clock_OCTests" */;
			buildPhases = (
				A9A2FE9A24F66AF100EF9089 /* Sources */,
				A9A2FE9B24F66AF100EF9089 /* Frameworks */,
				A9A2FE9C24F66AF100EF9089 /* Resources */,
			);
			buildRules = (
			);
			dependencies = (
				A9A2FEA024F66AF200EF9089 /* PBXTargetDependency */,
			);
			name = Clock_OCTests;
			productName = Clock_OCTests;
			productReference = A9A2FE9E24F66AF200EF9089 /* Clock_OCTests.xctest */;
			productType = "com.apple.product-type.bundle.unit-test";
		};
		A9A2FEA824F66AF200EF9089 /* Clock_OCUITests */ = {
			isa = PBXNativeTarget;
			buildConfigurationList = A9A2FEB824F66AF200EF9089 /* Build configuration list for PBXNativeTarget "Clock_OCUITests" */;
			buildPhases = (
				A9A2FEA524F66AF200EF9089 /* Sources */,
				A9A2FEA624F66AF200EF9089 /* Frameworks */,
				A9A2FEA724F66AF200EF9089 /* Resources */,
			);
			buildRules = (
			);
			dependencies = (
				A9A2FEAB24F66AF200EF9089 /* PBXTargetDependency */,
			);
			name = Clock_OCUITests;
			productName = Clock_OCUITests;
			productReference = A9A2FEA924F66AF200EF9089 /* Clock_OCUITests.xctest */;
			productType = "com.apple.product-type.bundle.ui-testing";
		};
/* End PBXNativeTarget section */

/* Begin PBXProject section */
		A9A2FE7B24F66AF000EF9089 /* Project object */ = {
			isa = PBXProject;
			attributes = {
				LastUpgradeCheck = 1160;
				ORGANIZATIONNAME = mdkj;
				TargetAttributes = {
					A9A2FE8224F66AF000EF9089 = {
						CreatedOnToolsVersion = 11.6;
					};
					A9A2FE9D24F66AF100EF9089 = {
						CreatedOnToolsVersion = 11.6;
						TestTargetID = A9A2FE8224F66AF000EF9089;
					};
					A9A2FEA824F66AF200EF9089 = {
						CreatedOnToolsVersion = 11.6;
						TestTargetID = A9A2FE8224F66AF000EF9089;
					};
				};
			};
			buildConfigurationList = A9A2FE7E24F66AF000EF9089 /* Build configuration list for PBXProject "Clock_OC" */;
			compatibilityVersion = "Xcode 9.3";
			developmentRegion = en;
			hasScannedForEncodings = 0;
			knownRegions = (
				en,
				Base,
			);
			mainGroup = A9A2FE7A24F66AF000EF9089;
			productRefGroup = A9A2FE8424F66AF000EF9089 /* Products */;
			projectDirPath = "";
			projectRoot = "";
			targets = (
				A9A2FE8224F66AF000EF9089 /* Clock_OC */,
				A9A2FE9D24F66AF100EF9089 /* Clock_OCTests */,
				A9A2FEA824F66AF200EF9089 /* Clock_OCUITests */,
			);
		};
/* End PBXProject section */

/* Begin PBXResourcesBuildPhase section */
		A9A2FE8124F66AF000EF9089 /* Resources */ = {
			isa = PBXResourcesBuildPhase;
			buildActionMask = 2147483647;
			files = (
				A9A2FE9624F66AF100EF9089 /* LaunchScreen.storyboard in Resources */,
				A9A2FE9324F66AF100EF9089 /* Assets.xcassets in Resources */,
				A9A2FE9124F66AF000EF9089 /* Main.storyboard in Resources */,
			);
			runOnlyForDeploymentPostprocessing = 0;
		};
		A9A2FE9C24F66AF100EF9089 /* Resources */ = {
			isa = PBXResourcesBuildPhase;
			buildActionMask = 2147483647;
			files = (
			);
			runOnlyForDeploymentPostprocessing = 0;
		};
		A9A2FEA724F66AF200EF9089 /* Resources */ = {
			isa = PBXResourcesBuildPhase;
			buildActionMask = 2147483647;
			files = (
			);
			runOnlyForDeploymentPostprocessing = 0;
		};
/* End PBXResourcesBuildPhase section */

/* Begin PBXSourcesBuildPhase section */
		A9A2FE7F24F66AF000EF9089 /* Sources */ = {
			isa = PBXSourcesBuildPhase;
			buildActionMask = 2147483647;
			files = (
				A9A2FE8E24F66AF000EF9089 /* ViewController.m in Sources */,
				A9A2FE8824F66AF000EF9089 /* AppDelegate.m in Sources */,
				A9A2FE9924F66AF100EF9089 /* main.m in Sources */,
				A9A2FE8B24F66AF000EF9089 /* SceneDelegate.m in Sources */,
			);
			runOnlyForDeploymentPostprocessing = 0;
		};
		A9A2FE9A24F66AF100EF9089 /* Sources */ = {
			isa = PBXSourcesBuildPhase;
			buildActionMask = 2147483647;
			files = (
				A9A2FEA324F66AF200EF9089 /* Clock_OCTests.m in Sources */,
			);
			runOnlyForDeploymentPostprocessing = 0;
		};
		A9A2FEA524F66AF200EF9089 /* Sources */ = {
			isa = PBXSourcesBuildPhase;
			buildActionMask = 2147483647;
			files = (
				A9A2FEAE24F66AF200EF9089 /* Clock_OCUITests.m in Sources */,
			);
			runOnlyForDeploymentPostprocessing = 0;
		};
/* End PBXSourcesBuildPhase section */

/* Begin PBXTargetDependency section */
		A9A2FEA024F66AF200EF9089 /* PBXTargetDependency */ = {
			isa = PBXTargetDependency;
			target = A9A2FE8224F66AF000EF9089 /* Clock_OC */;
			targetProxy = A9A2FE9F24F66AF200EF9089 /* PBXContainerItemProxy */;
		};
		A9A2FEAB24F66AF200EF9089 /* PBXTargetDependency */ = {
			isa = PBXTargetDependency;
			target = A9A2FE8224F66AF000EF9089 /* Clock_OC */;
			targetProxy = A9A2FEAA24F66AF200EF9089 /* PBXContainerItemProxy */;
		};
/* End PBXTargetDependency section */

/* Begin PBXVariantGroup section */
		A9A2FE8F24F66AF000EF9089 /* Main.storyboard */ = {
			isa = PBXVariantGroup;
			children = (
				A9A2FE9024F66AF000EF9089 /* Base */,
			);
			name = Main.storyboard;
			sourceTree = "<group>";
		};
		A9A2FE9424F66AF100EF9089 /* LaunchScreen.storyboard */ = {
			isa = PBXVariantGroup;
			children = (
				A9A2FE9524F66AF100EF9089 /* Base */,
			);
			name = LaunchScreen.storyboard;
			sourceTree = "<group>";
		};
/* End PBXVariantGroup section */

/* Begin XCBuildConfiguration section */
		A9A2FEB024F66AF200EF9089 /* Debug */ = {
			isa = XCBuildConfiguration;
			buildSettings = {
				ALWAYS_SEARCH_USER_PATHS = NO;
				CLANG_ANALYZER_NONNULL = YES;
				CLANG_ANALYZER_NUMBER_OBJECT_CONVERSION = YES_AGGRESSIVE;
				CLANG_CXX_LANGUAGE_STANDARD = "gnu++14";
				CLANG_CXX_LIBRARY = "libc++";
				CLANG_ENABLE_MODULES = YES;
				CLANG_ENABLE_OBJC_ARC = YES;
				CLANG_ENABLE_OBJC_WEAK = YES;
				CLANG_WARN_BLOCK_CAPTURE_AUTORELEASING = YES;
				CLANG_WARN_BOOL_CONVERSION = YES;
				CLANG_WARN_COMMA = YES;
				CLANG_WARN_CONSTANT_CONVERSION = YES;
				CLANG_WARN_DEPRECATED_OBJC_IMPLEMENTATIONS = YES;
				CLANG_WARN_DIRECT_OBJC_ISA_USAGE = YES_ERROR;
				CLANG_WARN_DOCUMENTATION_COMMENTS = YES;
				CLANG_WARN_EMPTY_BODY = YES;
				CLANG_WARN_ENUM_CONVERSION = YES;
				CLANG_WARN_INFINITE_RECURSION = YES;
				CLANG_WARN_INT_CONVERSION = YES;
				CLANG_WARN_NON_LITERAL_NULL_CONVERSION = YES;
				CLANG_WARN_OBJC_IMPLICIT_RETAIN_SELF = YES;
				CLANG_WARN_OBJC_LITERAL_CONVERSION = YES;
				CLANG_WARN_OBJC_ROOT_CLASS = YES_ERROR;
				CLANG_WARN_RANGE_LOOP_ANALYSIS = YES;
				CLANG_WARN_STRICT_PROTOTYPES = YES;
				CLANG_WARN_SUSPICIOUS_MOVE = YES;
				CLANG_WARN_UNGUARDED_AVAILABILITY = YES_AGGRESSIVE;
				CLANG_WARN_UNREACHABLE_CODE = YES;
				CLANG_WARN__DUPLICATE_METHOD_MATCH = YES;
				COPY_PHASE_STRIP = NO;
				DEBUG_INFORMATION_FORMAT = dwarf;
				ENABLE_STRICT_OBJC_MSGSEND = YES;
				ENABLE_TESTABILITY = YES;
				GCC_C_LANGUAGE_STANDARD = gnu11;
				GCC_DYNAMIC_NO_PIC = NO;
				GCC_NO_COMMON_BLOCKS = YES;
				GCC_OPTIMIZATION_LEVEL = 0;
				GCC_PREPROCESSOR_DEFINITIONS = (
					"DEBUG=1",
					"$(inherited)",
				);
				GCC_WARN_64_TO_32_BIT_CONVERSION = YES;
				GCC_WARN_ABOUT_RETURN_TYPE = YES_ERROR;
				GCC_WARN_UNDECLARED_SELECTOR = YES;
				GCC_WARN_UNINITIALIZED_AUTOS = YES_AGGRESSIVE;
				GCC_WARN_UNUSED_FUNCTION = YES;
				GCC_WARN_UNUSED_VARIABLE = YES;
				IPHONEOS_DEPLOYMENT_TARGET = 11.0;
				MTL_ENABLE_DEBUG_INFO = INCLUDE_SOURCE;
				MTL_FAST_MATH = YES;
				ONLY_ACTIVE_ARCH = YES;
				SDKROOT = iphoneos;
			};
			name = Debug;
		};
		A9A2FEB124F66AF200EF9089 /* Release */ = {
			isa = XCBuildConfiguration;
			buildSettings = {
				ALWAYS_SEARCH_USER_PATHS = NO;
				CLANG_ANALYZER_NONNULL = YES;
				CLANG_ANALYZER_NUMBER_OBJECT_CONVERSION = YES_AGGRESSIVE;
				CLANG_CXX_LANGUAGE_STANDARD = "gnu++14";
				CLANG_CXX_LIBRARY = "libc++";
				CLANG_ENABLE_MODULES = YES;
				CLANG_ENABLE_OBJC_ARC = YES;
				CLANG_ENABLE_OBJC_WEAK = YES;
				CLANG_WARN_BLOCK_CAPTURE_AUTORELEASING = YES;
				CLANG_WARN_BOOL_CONVERSION = YES;
				CLANG_WARN_COMMA = YES;
				CLANG_WARN_CONSTANT_CONVERSION = YES;
				CLANG_WARN_DEPRECATED_OBJC_IMPLEMENTATIONS = YES;
				CLANG_WARN_DIRECT_OBJC_ISA_USAGE = YES_ERROR;
				CLANG_WARN_DOCUMENTATION_COMMENTS = YES;
				CLANG_WARN_EMPTY_BODY = YES;
				CLANG_WARN_ENUM_CONVERSION = YES;
				CLANG_WARN_INFINITE_RECURSION = YES;
				CLANG_WARN_INT_CONVERSION = YES;
				CLANG_WARN_NON_LITERAL_NULL_CONVERSION = YES;
				CLANG_WARN_OBJC_IMPLICIT_RETAIN_SELF = YES;
				CLANG_WARN_OBJC_LITERAL_CONVERSION = YES;
				CLANG_WARN_OBJC_ROOT_CLASS = YES_ERROR;
				CLANG_WARN_RANGE_LOOP_ANALYSIS = YES;
				CLANG_WARN_STRICT_PROTOTYPES = YES;
				CLANG_WARN_SUSPICIOUS_MOVE = YES;
				CLANG_WARN_UNGUARDED_AVAILABILITY = YES_AGGRESSIVE;
				CLANG_WARN_UNREACHABLE_CODE = YES;
				CLANG_WARN__DUPLICATE_METHOD_MATCH = YES;
				COPY_PHASE_STRIP = NO;
				DEBUG_INFORMATION_FORMAT = "dwarf-with-dsym";
				ENABLE_NS_ASSERTIONS = NO;
				ENABLE_STRICT_OBJC_MSGSEND = YES;
				GCC_C_LANGUAGE_STANDARD = gnu11;
				GCC_NO_COMMON_BLOCKS = YES;
				GCC_WARN_64_TO_32_BIT_CONVERSION = YES;
				GCC_WARN_ABOUT_RETURN_TYPE = YES_ERROR;
				GCC_WARN_UNDECLARED_SELECTOR = YES;
				GCC_WARN_UNINITIALIZED_AUTOS = YES_AGGRESSIVE;
				GCC_WARN_UNUSED_FUNCTION = YES;
				GCC_WARN_UNUSED_VARIABLE = YES;
				IPHONEOS_DEPLOYMENT_TARGET = 11.0;
				MTL_ENABLE_DEBUG_INFO = NO;
				MTL_FAST_MATH = YES;
				SDKROOT = iphoneos;
				VALIDATE_PRODUCT = YES;
			};
			name = Release;
		};
		A9A2FEB324F66AF200EF9089 /* Debug */ = {
			isa = XCBuildConfiguration;
			buildSettings = {
				ASSETCATALOG_COMPILER_APPICON_NAME = AppIcon;
				CODE_SIGN_STYLE = Automatic;
				DEVELOPMENT_TEAM = Q8LTS84VQ9;
				INFOPLIST_FILE = Clock_OC/Info.plist;
				LD_RUNPATH_SEARCH_PATHS = (
					"$(inherited)",
					"@executable_path/Frameworks",
				);
				PRODUCT_BUNDLE_IDENTIFIER = "com.znxh.mdkj.Clock-OC";
				PRODUCT_NAME = "$(TARGET_NAME)";
				TARGETED_DEVICE_FAMILY = "1,2";
			};
			name = Debug;
		};
		A9A2FEB424F66AF200EF9089 /* Release */ = {
			isa = XCBuildConfiguration;
			buildSettings = {
				ASSETCATALOG_COMPILER_APPICON_NAME = AppIcon;
				CODE_SIGN_STYLE = Automatic;
				DEVELOPMENT_TEAM = Q8LTS84VQ9;
				INFOPLIST_FILE = Clock_OC/Info.plist;
				LD_RUNPATH_SEARCH_PATHS = (
					"$(inherited)",
					"@executable_path/Frameworks",
				);
				PRODUCT_BUNDLE_IDENTIFIER = "com.znxh.mdkj.Clock-OC";
				PRODUCT_NAME = "$(TARGET_NAME)";
				TARGETED_DEVICE_FAMILY = "1,2";
			};
			name = Release;
		};
		A9A2FEB624F66AF200EF9089 /* Debug */ = {
			isa = XCBuildConfiguration;
			buildSettings = {
				BUNDLE_LOADER = "$(TEST_HOST)";
				CODE_SIGN_STYLE = Automatic;
				DEVELOPMENT_TEAM = Q8LTS84VQ9;
				INFOPLIST_FILE = Clock_OCTests/Info.plist;
				IPHONEOS_DEPLOYMENT_TARGET = 13.6;
				LD_RUNPATH_SEARCH_PATHS = (
					"$(inherited)",
					"@executable_path/Frameworks",
					"@loader_path/Frameworks",
				);
				PRODUCT_BUNDLE_IDENTIFIER = "com.znxh.mdkj.Clock-OCTests";
				PRODUCT_NAME = "$(TARGET_NAME)";
				TARGETED_DEVICE_FAMILY = "1,2";
				TEST_HOST = "$(BUILT_PRODUCTS_DIR)/Clock_OC.app/Clock_OC";
			};
			name = Debug;
		};
		A9A2FEB724F66AF200EF9089 /* Release */ = {
			isa = XCBuildConfiguration;
			buildSettings = {
				BUNDLE_LOADER = "$(TEST_HOST)";
				CODE_SIGN_STYLE = Automatic;
				DEVELOPMENT_TEAM = Q8LTS84VQ9;
				INFOPLIST_FILE = Clock_OCTests/Info.plist;
				IPHONEOS_DEPLOYMENT_TARGET = 13.6;
				LD_RUNPATH_SEARCH_PATHS = (
					"$(inherited)",
					"@executable_path/Frameworks",
					"@loader_path/Frameworks",
				);
				PRODUCT_BUNDLE_IDENTIFIER = "com.znxh.mdkj.Clock-OCTests";
				PRODUCT_NAME = "$(TARGET_NAME)";
				TARGETED_DEVICE_FAMILY = "1,2";
				TEST_HOST = "$(BUILT_PRODUCTS_DIR)/Clock_OC.app/Clock_OC";
			};
			name = Release;
		};
		A9A2FEB924F66AF200EF9089 /* Debug */ = {
			isa = XCBuildConfiguration;
			buildSettings = {
				CODE_SIGN_STYLE = Automatic;
				DEVELOPMENT_TEAM = Q8LTS84VQ9;
				INFOPLIST_FILE = Clock_OCUITests/Info.plist;
				LD_RUNPATH_SEARCH_PATHS = (
					"$(inherited)",
					"@executable_path/Frameworks",
					"@loader_path/Frameworks",
				);
				PRODUCT_BUNDLE_IDENTIFIER = "com.znxh.mdkj.Clock-OCUITests";
				PRODUCT_NAME = "$(TARGET_NAME)";
				TARGETED_DEVICE_FAMILY = "1,2";
				TEST_TARGET_NAME = Clock_OC;
			};
			name = Debug;
		};
		A9A2FEBA24F66AF200EF9089 /* Release */ = {
			isa = XCBuildConfiguration;
			buildSettings = {
				CODE_SIGN_STYLE = Automatic;
				DEVELOPMENT_TEAM = Q8LTS84VQ9;
				INFOPLIST_FILE = Clock_OCUITests/Info.plist;
				LD_RUNPATH_SEARCH_PATHS = (
					"$(inherited)",
					"@executable_path/Frameworks",
					"@loader_path/Frameworks",
				);
				PRODUCT_BUNDLE_IDENTIFIER = "com.znxh.mdkj.Clock-OCUITests";
				PRODUCT_NAME = "$(TARGET_NAME)";
				TARGETED_DEVICE_FAMILY = "1,2";
				TEST_TARGET_NAME = Clock_OC;
			};
			name = Release;
		};
/* End XCBuildConfiguration section */

/* Begin XCConfigurationList section */
		A9A2FE7E24F66AF000EF9089 /* Build configuration list for PBXProject "Clock_OC" */ = {
			isa = XCConfigurationList;
			buildConfigurations = (
				A9A2FEB024F66AF200EF9089 /* Debug */,
				A9A2FEB124F66AF200EF9089 /* Release */,
			);
			defaultConfigurationIsVisible = 0;
			defaultConfigurationName = Release;
		};
		A9A2FEB224F66AF200EF9089 /* Build configuration list for PBXNativeTarget "Clock_OC" */ = {
			isa = XCConfigurationList;
			buildConfigurations = (
				A9A2FEB324F66AF200EF9089 /* Debug */,
				A9A2FEB424F66AF200EF9089 /* Release */,
			);
			defaultConfigurationIsVisible = 0;
			defaultConfigurationName = Release;
		};
		A9A2FEB524F66AF200EF9089 /* Build configuration list for PBXNativeTarget "Clock_OCTests" */ = {
			isa = XCConfigurationList;
			buildConfigurations = (
				A9A2FEB624F66AF200EF9089 /* Debug */,
				A9A2FEB724F66AF200EF9089 /* Release */,
			);
			defaultConfigurationIsVisible = 0;
			defaultConfigurationName = Release;
		};
		A9A2FEB824F66AF200EF9089 /* Build configuration list for PBXNativeTarget "Clock_OCUITests" */ = {
			isa = XCConfigurationList;
			buildConfigurations = (
				A9A2FEB924F66AF200EF9089 /* Debug */,
				A9A2FEBA24F66AF200EF9089 /* Release */,
			);
			defaultConfigurationIsVisible = 0;
			defaultConfigurationName = Release;
		};
/* End XCConfigurationList section */
	};
	rootObject = A9A2FE7B24F66AF000EF9089 /* Project object */;
}
